// !$*UTF8*$!
{
	archiveVersion = 1;
	classes = {
	};
	objectVersion = 46;
	objects = {

/* Begin PBXBuildFile section */
		3F7AB8DD1BC73BDB001CFEB9 /* AppDelegate.swift in Sources */ = {isa = PBXBuildFile; fileRef = 3F7AB8DC1BC73BDB001CFEB9 /* AppDelegate.swift */; };
		3F7AB8DF1BC73BDB001CFEB9 /* ViewController.swift in Sources */ = {isa = PBXBuildFile; fileRef = 3F7AB8DE1BC73BDB001CFEB9 /* ViewController.swift */; };
		3F7AB8E21BC73BDB001CFEB9 /* Main.storyboard in Resources */ = {isa = PBXBuildFile; fileRef = 3F7AB8E01BC73BDB001CFEB9 /* Main.storyboard */; };
		3F7AB8E41BC73BDB001CFEB9 /* Assets.xcassets in Resources */ = {isa = PBXBuildFile; fileRef = 3F7AB8E31BC73BDB001CFEB9 /* Assets.xcassets */; };
		3F7AB8E71BC73BDB001CFEB9 /* LaunchScreen.storyboard in Resources */ = {isa = PBXBuildFile; fileRef = 3F7AB8E51BC73BDB001CFEB9 /* LaunchScreen.storyboard */; };
		3F7AB8F11BC73C23001CFEB9 /* ZJNotice.swift in Sources */ = {isa = PBXBuildFile; fileRef = 3F7AB8F01BC73C23001CFEB9 /* ZJNotice.swift */; };
/* End PBXBuildFile section */

/* Begin PBXFileReference section */
		3F7AB8D91BC73BDB001CFEB9 /* ZJNoticeDemo.app */ = {isa = PBXFileReference; explicitFileType = wrapper.application; includeInIndex = 0; path = ZJNoticeDemo.app; sourceTree = BUILT_PRODUCTS_DIR; };
		3F7AB8DC1BC73BDB001CFEB9 /* AppDelegate.swift */ = {isa = PBXFileReference; lastKnownFileType = sourcecode.swift; path = AppDelegate.swift; sourceTree = "<group>"; };
		3F7AB8DE1BC73BDB001CFEB9 /* ViewController.swift */ = {isa = PBXFileReference; lastKnownFileType = sourcecode.swift; path = ViewController.swift; sourceTree = "<group>"; };
		3F7AB8E11BC73BDB001CFEB9 /* Base */ = {isa = PBXFileReference; lastKnownFileType = file.storyboard; name = Base; path = Base.lproj/Main.storyboard; sourceTree = "<group>"; };
		3F7AB8E31BC73BDB001CFEB9 /* Assets.xcassets */ = {isa = PBXFileReference; lastKnownFileType = folder.assetcatalog; path = Assets.xcassets; sourceTree = "<group>"; };
		3F7AB8E61BC73BDB001CFEB9 /* Base */ = {isa = PBXFileReference; lastKnownFileType = file.storyboard; name = Base; path = Base.lproj/LaunchScreen.storyboard; sourceTree = "<group>"; };
		3F7AB8E81BC73BDB001CFEB9 /* Info.plist */ = {isa = PBXFileReference; lastKnownFileType = text.plist.xml; path = Info.plist; sourceTree = "<group>"; };
		3F7AB8F01BC73C23001CFEB9 /* ZJNotice.swift */ = {isa = PBXFileReference; fileEncoding = 4; lastKnownFileType = sourcecode.swift; path = ZJNotice.swift; sourceTree = "<group>"; };
/* End PBXFileReference section */

/* Begin PBXFrameworksBuildPhase section */
		3F7AB8D61BC73BDB001CFEB9 /* Frameworks */ = {
			isa = PBXFrameworksBuildPhase;
			buildActionMask = 2147483647;
			files = (
			);
			runOnlyForDeploymentPostprocessing = 0;
		};
/* End PBXFrameworksBuildPhase section */

/* Begin PBXGroup section */
		3F7AB8D01BC73BDB001CFEB9 = {
			isa = PBXGroup;
			children = (
				3F7AB8DB1BC73BDB001CFEB9 /* ZJNoticeDemo */,
				3F7AB8DA1BC73BDB001CFEB9 /* Products */,
			);
			sourceTree = "<group>";
		};
		3F7AB8DA1BC73BDB001CFEB9 /* Products */ = {
			isa = PBXGroup;
			children = (
				3F7AB8D91BC73BDB001CFEB9 /* ZJNoticeDemo.app */,
			);
			name = Products;
			sourceTree = "<group>";
		};
		3F7AB8DB1BC73BDB001CFEB9 /* ZJNoticeDemo */ = {
			isa = PBXGroup;
			children = (
				3F7AB8EE1BC73C23001CFEB9 /* Lib */,
				3F7AB8DC1BC73BDB001CFEB9 /* AppDelegate.swift */,
				3F7AB8DE1BC73BDB001CFEB9 /* ViewController.swift */,
				3F7AB8E01BC73BDB001CFEB9 /* Main.storyboard */,
				3F7AB8E31BC73BDB001CFEB9 /* Assets.xcassets */,
				3F7AB8E51BC73BDB001CFEB9 /* LaunchScreen.storyboard */,
				3F7AB8E81BC73BDB001CFEB9 /* Info.plist */,
			);
			path = ZJNoticeDemo;
			sourceTree = "<group>";
		};
		3F7AB8EE1BC73C23001CFEB9 /* Lib */ = {
			isa = PBXGroup;
			children = (
				3F7AB8EF1BC73C23001CFEB9 /* ZJNotice */,
			);
			path = Lib;
			sourceTree = "<group>";
		};
		3F7AB8EF1BC73C23001CFEB9 /* ZJNotice */ = {
			isa = PBXGroup;
			children = (
				3F7AB8F01BC73C23001CFEB9 /* ZJNotice.swift */,
			);
			path = ZJNotice;
			sourceTree = "<group>";
		};
/* End PBXGroup section */

/* Begin PBXNativeTarget section */
		3F7AB8D81BC73BDB001CFEB9 /* ZJNoticeDemo */ = {
			isa = PBXNativeTarget;
			buildConfigurationList = 3F7AB8EB1BC73BDB001CFEB9 /* Build configuration list for PBXNativeTarget "ZJNoticeDemo" */;
			buildPhases = (
				3F7AB8D51BC73BDB001CFEB9 /* Sources */,
				3F7AB8D61BC73BDB001CFEB9 /* Frameworks */,
				3F7AB8D71BC73BDB001CFEB9 /* Resources */,
			);
			buildRules = (
			);
			dependencies = (
			);
			name = ZJNoticeDemo;
			productName = ZJNoticeDemo;
			productReference = 3F7AB8D91BC73BDB001CFEB9 /* ZJNoticeDemo.app */;
			productType = "com.apple.product-type.application";
		};
/* End PBXNativeTarget section */

/* Begin PBXProject section */
		3F7AB8D11BC73BDB001CFEB9 /* Project object */ = {
			isa = PBXProject;
			attributes = {
				LastUpgradeCheck = 0700;
				ORGANIZATIONNAME = "张剑";
				TargetAttributes = {
					3F7AB8D81BC73BDB001CFEB9 = {
						CreatedOnToolsVersion = 7.0;
						DevelopmentTeam = 6U6NNJD6PX;
						LastSwiftMigration = 0800;
					};
				};
			};
			buildConfigurationList = 3F7AB8D41BC73BDB001CFEB9 /* Build configuration list for PBXProject "ZJNoticeDemo" */;
			compatibilityVersion = "Xcode 3.2";
			developmentRegion = English;
			hasScannedForEncodings = 0;
			knownRegions = (
				en,
				Base,
			);
			mainGroup = 3F7AB8D01BC73BDB001CFEB9;
			productRefGroup = 3F7AB8DA1BC73BDB001CFEB9 /* Products */;
			projectDirPath = "";
			projectRoot = "";
			targets = (
				3F7AB8D81BC73BDB001CFEB9 /* ZJNoticeDemo */,
			);
		};
/* End PBXProject section */

/* Begin PBXResourcesBuildPhase section */
		3F7AB8D71BC73BDB001CFEB9 /* Resources */ = {
			isa = PBXResourcesBuildPhase;
			buildActionMask = 2147483647;
			files = (
				3F7AB8E71BC73BDB001CFEB9 /* LaunchScreen.storyboard in Resources */,
				3F7AB8E41BC73BDB001CFEB9 /* Assets.xcassets in Resources */,
				3F7AB8E21BC73BDB001CFEB9 /* Main.storyboard in Resources */,
			);
			runOnlyForDeploymentPostprocessing = 0;
		};
/* End PBXResourcesBuildPhase section */

/* Begin PBXSourcesBuildPhase section */
		3F7AB8D51BC73BDB001CFEB9 /* Sources */ = {
			isa = PBXSourcesBuildPhase;
			buildActionMask = 2147483647;
			files = (
				3F7AB8DF1BC73BDB001CFEB9 /* ViewController.swift in Sources */,
				3F7AB8DD1BC73BDB001CFEB9 /* AppDelegate.swift in Sources */,
				3F7AB8F11BC73C23001CFEB9 /* ZJNotice.swift in Sources */,
			);
			runOnlyForDeploymentPostprocessing = 0;
		};
/* End PBXSourcesBuildPhase section */

/* Begin PBXVariantGroup section */
		3F7AB8E01BC73BDB001CFEB9 /* Main.storyboard */ = {
			isa = PBXVariantGroup;
			children = (
				3F7AB8E11BC73BDB001CFEB9 /* Base */,
			);
			name = Main.storyboard;
			sourceTree = "<group>";
		};
		3F7AB8E51BC73BDB001CFEB9 /* LaunchScreen.storyboard */ = {
			isa = PBXVariantGroup;
			children = (
				3F7AB8E61BC73BDB001CFEB9 /* Base */,
			);
			name = LaunchScreen.storyboard;
			sourceTree = "<group>";
		};
/* End PBXVariantGroup section */

/* Begin XCBuildConfiguration section */
		3F7AB8E91BC73BDB001CFEB9 /* Debug */ = {
			isa = XCBuildConfiguration;
			buildSettings = {
				ALWAYS_SEARCH_USER_PATHS = NO;
				CLANG_CXX_LANGUAGE_STANDARD = "gnu++0x";
				CLANG_CXX_LIBRARY = "libc++";
				CLANG_ENABLE_MODULES = YES;
				CLANG_ENABLE_OBJC_ARC = YES;
				CLANG_WARN_BOOL_CONVERSION = YES;
				CLANG_WARN_CONSTANT_CONVERSION = YES;
				CLANG_WARN_DIRECT_OBJC_ISA_USAGE = YES_ERROR;
				CLANG_WARN_EMPTY_BODY = YES;
				CLANG_WARN_ENUM_CONVERSION = YES;
				CLANG_WARN_INT_CONVERSION = YES;
				CLANG_WARN_OBJC_ROOT_CLASS = YES_ERROR;
				CLANG_WARN_UNREACHABLE_CODE = YES;
				CLANG_WARN__DUPLICATE_METHOD_MATCH = YES;
				"CODE_SIGN_IDENTITY[sdk=iphoneos*]" = "iPhone Developer";
				COPY_PHASE_STRIP = NO;
				DEBUG_INFORMATION_FORMAT = dwarf;
				ENABLE_STRICT_OBJC_MSGSEND = YES;
				ENABLE_TESTABILITY = YES;
				GCC_C_LANGUAGE_STANDARD = gnu99;
				GCC_DYNAMIC_NO_PIC = NO;
				GCC_NO_COMMON_BLOCKS = YES;
				GCC_OPTIMIZATION_LEVEL = 0;
				GCC_PREPROCESSOR_DEFINITIONS = (
					"DEBUG=1",
					"$(inherited)",
				);
				GCC_WARN_64_TO_32_BIT_CONVERSION = YES;
				GCC_WARN_ABOUT_RETURN_TYPE = YES_ERROR;
				GCC_WARN_UNDECLARED_SELECTOR = YES;
				GCC_WARN_UNINITIALIZED_AUTOS = YES_AGGRESSIVE;
				GCC_WARN_UNUSED_FUNCTION = YES;
				GCC_WARN_UNUSED_VARIABLE = YES;
				IPHONEOS_DEPLOYMENT_TARGET = 9.0;
				MTL_ENABLE_DEBUG_INFO = YES;
				ONLY_ACTIVE_ARCH = YES;
				SDKROOT = iphoneos;
				SWIFT_OPTIMIZATION_LEVEL = "-Onone";
			};
			name = Debug;
		};
		3F7AB8EA1BC73BDB001CFEB9 /* Release */ = {
			isa = XCBuildConfiguration;
			buildSettings = {
				ALWAYS_SEARCH_USER_PATHS = NO;
				CLANG_CXX_LANGUAGE_STANDARD = "gnu++0x";
				CLANG_CXX_LIBRARY = "libc++";
				CLANG_ENABLE_MODULES = YES;
				CLANG_ENABLE_OBJC_ARC = YES;
				CLANG_WARN_BOOL_CONVERSION = YES;
				CLANG_WARN_CONSTANT_CONVERSION = YES;
				CLANG_WARN_DIRECT_OBJC_ISA_USAGE = YES_ERROR;
				CLANG_WARN_EMPTY_BODY = YES;
				CLANG_WARN_ENUM_CONVERSION = YES;
				CLANG_WARN_INT_CONVERSION = YES;
				CLANG_WARN_OBJC_ROOT_CLASS = YES_ERROR;
				CLANG_WARN_UNREACHABLE_CODE = YES;
				CLANG_WARN__DUPLICATE_METHOD_MATCH = YES;
				"CODE_SIGN_IDENTITY[sdk=iphoneos*]" = "iPhone Developer";
				COPY_PHASE_STRIP = NO;
				DEBUG_INFORMATION_FORMAT = "dwarf-with-dsym";
				ENABLE_NS_ASSERTIONS = NO;
				ENABLE_STRICT_OBJC_MSGSEND = YES;
				GCC_C_LANGUAGE_STANDARD = gnu99;
				GCC_NO_COMMON_BLOCKS = YES;
				GCC_WARN_64_TO_32_BIT_CONVERSION = YES;
				GCC_WARN_ABOUT_RETURN_TYPE = YES_ERROR;
				GCC_WARN_UNDECLARED_SELECTOR = YES;
				GCC_WARN_UNINITIALIZED_AUTOS = YES_AGGRESSIVE;
				GCC_WARN_UNUSED_FUNCTION = YES;
				GCC_WARN_UNUSED_VARIABLE = YES;
				IPHONEOS_DEPLOYMENT_TARGET = 9.0;
				MTL_ENABLE_DEBUG_INFO = NO;
				SDKROOT = iphoneos;
				VALIDATE_PRODUCT = YES;
			};
			name = Release;
		};
		3F7AB8EC1BC73BDB001CFEB9 /* Debug */ = {
			isa = XCBuildConfiguration;
			buildSettings = {
				ASSETCATALOG_COMPILER_APPICON_NAME = AppIcon;
				DEVELOPMENT_TEAM = 6U6NNJD6PX;
				INFOPLIST_FILE = ZJNoticeDemo/Info.plist;
				IPHONEOS_DEPLOYMENT_TARGET = 8.0;
				LD_RUNPATH_SEARCH_PATHS = "$(inherited) @executable_path/Frameworks";
				PRODUCT_BUNDLE_IDENTIFIER = cn.psvmc.ZJNoticeDemo;
				PRODUCT_NAME = "$(TARGET_NAME)";
				SWIFT_VERSION = 3.0;
			};
			name = Debug;
		};
		3F7AB8ED1BC73BDB001CFEB9 /* Release */ = {
			isa = XCBuildConfiguration;
			buildSettings = {
				ASSETCATALOG_COMPILER_APPICON_NAME = AppIcon;
				DEVELOPMENT_TEAM = 6U6NNJD6PX;
				INFOPLIST_FILE = ZJNoticeDemo/Info.plist;
				IPHONEOS_DEPLOYMENT_TARGET = 8.0;
				LD_RUNPATH_SEARCH_PATHS = "$(inherited) @executable_path/Frameworks";
				PRODUCT_BUNDLE_IDENTIFIER = cn.psvmc.ZJNoticeDemo;
				PRODUCT_NAME = "$(TARGET_NAME)";
				SWIFT_VERSION = 3.0;
			};
			name = Release;
		};
/* End XCBuildConfiguration section */

/* Begin XCConfigurationList section */
		3F7AB8D41BC73BDB001CFEB9 /* Build configuration list for PBXProject "ZJNoticeDemo" */ = {
			isa = XCConfigurationList;
			buildConfigurations = (
				3F7AB8E91BC73BDB001CFEB9 /* Debug */,
				3F7AB8EA1BC73BDB001CFEB9 /* Release */,
			);
			defaultConfigurationIsVisible = 0;
			defaultConfigurationName = Release;
		};
		3F7AB8EB1BC73BDB001CFEB9 /* Build configuration list for PBXNativeTarget "ZJNoticeDemo" */ = {
			isa = XCConfigurationList;
			buildConfigurations = (
				3F7AB8EC1BC73BDB001CFEB9 /* Debug */,
				3F7AB8ED1BC73BDB001CFEB9 /* Release */,
			);
			defaultConfigurationIsVisible = 0;
			defaultConfigurationName = Release;
		};
/* End XCConfigurationList section */
	};
	rootObject = 3F7AB8D11BC73BDB001CFEB9 /* Project object */;
}
